
Microsoft Visual Studio Solution File, Format Version 12.00
# Visual Studio Version 17
VisualStudioVersion = 17.3.32929.385
MinimumVisualStudioVersion = 10.0.40219.1
Project("{FAE04EC0-301F-11D3-BF4B-00C04F79EFBC}") = "az204queuemsg", "az204queuemsg\az204queuemsg.csproj", "{326DED28-D196-4443-8652-E38FAF4B6A18}"
EndProject
Global
	GlobalSection(SolutionConfigurationPlatforms) = preSolution
		Debug|Any CPU = Debug|Any CPU
		Release|Any CPU = Release|Any CPU
	EndGlobalSection
	GlobalSection(ProjectConfigurationPlatforms) = postSolution
		{326DED28-D196-4443-8652-E38FAF4B6A18}.Debug|Any CPU.ActiveCfg = Debug|Any CPU
		{326DED28-D196-4443-8652-E38FAF4B6A18}.Debug|Any CPU.Build.0 = Debug|Any CPU
		{326DED28-D196-4443-8652-E38FAF4B6A18}.Release|Any CPU.ActiveCfg = Release|Any CPU
		{326DED28-D196-4443-8652-E38FAF4B6A18}.Release|Any CPU.Build.0 = Release|Any CPU
	EndGlobalSection
	GlobalSection(SolutionProperties) = preSolution
		HideSolutionNode = FALSE
	EndGlobalSection
	GlobalSection(ExtensibilityGlobals) = postSolution
		SolutionGuid = {90B0E1A8-FC78-4958-B107-9C0DB94DD1C0}
	EndGlobalSection
EndGlobal
